
Microsoft Visual Studio Solution File, Format Version 12.00
# Visual Studio 15
VisualStudioVersion = 15.0.28307.329
MinimumVisualStudioVersion = 10.0.40219.1
Project("{FAE04EC0-301F-11D3-BF4B-00C04F79EFBC}") = "ExerciceDeductionFiscales", "ExerciceDeductionFiscales.csproj", "{4BC8763E-F269-4676-B576-F945685672C7}"
EndProject
Global
	GlobalSection(SolutionConfigurationPlatforms) = preSolution
		Debug|Any CPU = Debug|Any CPU
		Release|Any CPU = Release|Any CPU
	EndGlobalSection
	GlobalSection(ProjectConfigurationPlatforms) = postSolution
		{4BC8763E-F269-4676-B576-F945685672C7}.Debug|Any CPU.ActiveCfg = Debug|Any CPU
		{4BC8763E-F269-4676-B576-F945685672C7}.Debug|Any CPU.Build.0 = Debug|Any CPU
		{4BC8763E-F269-4676-B576-F945685672C7}.Release|Any CPU.ActiveCfg = Release|Any CPU
		{4BC8763E-F269-4676-B576-F945685672C7}.Release|Any CPU.Build.0 = Release|Any CPU
	EndGlobalSection
	GlobalSection(SolutionProperties) = preSolution
		HideSolutionNode = FALSE
	EndGlobalSection
	GlobalSection(ExtensibilityGlobals) = postSolution
		SolutionGuid = {556B5EC8-1156-43B6-89C3-6AA7499697E0}
	EndGlobalSection
EndGlobal
